{
  "name": "mess-examples",
  "lockfileVersion": 3,
  "requires": true,
  "packages": {
    "": {
      "name": "mess-examples",
      "dependencies": {
        "@mess.fyi/client": "file:../client"
      },
      "engines": {
        "node": ">=18"
      }
    },
    "../client": {
      "name": "@mess.fyi/client",
      "version": "0.1.0",
      "license": "MIT",
      "devDependencies": {
        "typescript": "^5.6.0"
      },
      "engines": {
        "node": ">=18"
      }
    },
    "node_modules/@mess.fyi/client": {
      "resolved": "../client",
      "link": true
    }
  }
}
